
Microsoft Visual Studio Solution File, Format Version 12.00
# Visual Studio Version 17
VisualStudioVersion = 17.4.33403.182
MinimumVisualStudioVersion = 10.0.40219.1
Project("{8BC9CEB8-8B4A-11D0-8D11-00A0C91BC942}") = "lab03", "lab03.vcxproj", "{C59940EB-A7D4-40CF-A20E-CB7C98414C74}"
EndProject
Global
	GlobalSection(SolutionConfigurationPlatforms) = preSolution
		Debug|x64 = Debug|x64
		Debug|x86 = Debug|x86
		Release|x64 = Release|x64
		Release|x86 = Release|x86
	EndGlobalSection
	GlobalSection(ProjectConfigurationPlatforms) = postSolution
		{C59940EB-A7D4-40CF-A20E-CB7C98414C74}.Debug|x64.ActiveCfg = Debug|x64
		{C59940EB-A7D4-40CF-A20E-CB7C98414C74}.Debug|x64.Build.0 = Debug|x64
		{C59940EB-A7D4-40CF-A20E-CB7C98414C74}.Debug|x86.ActiveCfg = Debug|Win32
		{C59940EB-A7D4-40CF-A20E-CB7C98414C74}.Debug|x86.Build.0 = Debug|Win32
		{C59940EB-A7D4-40CF-A20E-CB7C98414C74}.Release|x64.ActiveCfg = Release|x64
		{C59940EB-A7D4-40CF-A20E-CB7C98414C74}.Release|x64.Build.0 = Release|x64
		{C59940EB-A7D4-40CF-A20E-CB7C98414C74}.Release|x86.ActiveCfg = Release|Win32
		{C59940EB-A7D4-40CF-A20E-CB7C98414C74}.Release|x86.Build.0 = Release|Win32
	EndGlobalSection
	GlobalSection(SolutionProperties) = preSolution
		HideSolutionNode = FALSE
	EndGlobalSection
	GlobalSection(ExtensibilityGlobals) = postSolution
		SolutionGuid = {D2061D7F-51EB-4CAF-B52E-BAFC8E2B513E}
	EndGlobalSection
EndGlobal
